version = 1
revision = 1
requires-python = ">=3.8"

[[package]]
name = "peewee"
version = "3.17.9"
source = { registry = "https://pypi.org/simple" }
sdist = { url = "https://files.pythonhosted.org/packages/57/09/4393bd378e70b7fc3163ee83353cc27bb520010a5c2b3c924121e7e7e068/peewee-3.17.9.tar.gz", hash = "sha256:fe15cd001758e324c8e3ca8c8ed900e7397c2907291789e1efc383e66b9bc7a8", size = 3026085 }

[[package]]
name = "text-adventure"
version = "0.1.0"
source = { virtual = "." }
dependencies = [
    { name = "peewee" },
]

[package.metadata]
requires-dist = [{ name = "peewee", specifier = ">=3.16.0" }]
